{
  "name": "ts-beginner",
  "version": "1.0.0",
  "lockfileVersion": 2,
  "requires": true,
  "packages": {
    "": {
      "version": "1.0.0",
      "license": "ISC",
      "dependencies": {
        "bluebird": "^3.7.2"
      },
      "devDependencies": {
        "@types/bluebird": "^3.5.35",
        "@types/bluebird-global": "^3.5.12",
        "@types/node": "^15.6.0"
      }
    },
    "node_modules/@types/bluebird": {
      "version": "3.5.35",
      "resolved": "https://registry.npmjs.org/@types/bluebird/-/bluebird-3.5.35.tgz",
      "integrity": "sha512-2WeeXK7BuQo7yPI4WGOBum90SzF/f8rqlvpaXx4rjeTmNssGRDHWf7fgDUH90xMB3sUOu716fUK5d+OVx0+ncQ==",
      "dev": true
    },
    "node_modules/@types/bluebird-global": {
      "version": "3.5.12",
      "resolved": "https://registry.npmjs.org/@types/bluebird-global/-/bluebird-global-3.5.12.tgz",
      "integrity": "sha512-nRtDpyG4+SZej9mTOMG9Omunbgw04nhmHzVB1qgQUwREAX2lumCmvn5EzwydUuj7b1D3nOjm6elXQyNarsBUFw==",
      "dev": true,
      "dependencies": {
        "@types/bluebird": "*"
      }
    },
    "node_modules/@types/node": {
      "version": "15.6.0",
      "resolved": "https://registry.npmjs.org/@types/node/-/node-15.6.0.tgz",
      "integrity": "sha512-gCYSfQpy+LYhOFTKAeE8BkyGqaxmlFxe+n4DKM6DR0wzw/HISUE/hAmkC/KT8Sw5PCJblqg062b3z9gucv3k0A==",
      "dev": true
    },
    "node_modules/bluebird": {
      "version": "3.7.2",
      "resolved": "https://registry.npmjs.org/bluebird/-/bluebird-3.7.2.tgz",
      "integrity": "sha512-XpNj6GDQzdfW+r2Wnn7xiSAd7TM3jzkxGXBGTtWKuSXv1xUV+azxAm8jdWZN06QTQk+2N2XB9jRDkvbmQmcRtg=="
    }
  },
  "dependencies": {
    "@types/bluebird": {
      "version": "3.5.35",
      "resolved": "https://registry.npmjs.org/@types/bluebird/-/bluebird-3.5.35.tgz",
      "integrity": "sha512-2WeeXK7BuQo7yPI4WGOBum90SzF/f8rqlvpaXx4rjeTmNssGRDHWf7fgDUH90xMB3sUOu716fUK5d+OVx0+ncQ==",
      "dev": true
    },
    "@types/bluebird-global": {
      "version": "3.5.12",
      "resolved": "https://registry.npmjs.org/@types/bluebird-global/-/bluebird-global-3.5.12.tgz",
      "integrity": "sha512-nRtDpyG4+SZej9mTOMG9Omunbgw04nhmHzVB1qgQUwREAX2lumCmvn5EzwydUuj7b1D3nOjm6elXQyNarsBUFw==",
      "dev": true,
      "requires": {
        "@types/bluebird": "*"
      }
    },
    "@types/node": {
      "version": "15.6.0",
      "resolved": "https://registry.npmjs.org/@types/node/-/node-15.6.0.tgz",
      "integrity": "sha512-gCYSfQpy+LYhOFTKAeE8BkyGqaxmlFxe+n4DKM6DR0wzw/HISUE/hAmkC/KT8Sw5PCJblqg062b3z9gucv3k0A==",
      "dev": true
    },
    "bluebird": {
      "version": "3.7.2",
      "resolved": "https://registry.npmjs.org/bluebird/-/bluebird-3.7.2.tgz",
      "integrity": "sha512-XpNj6GDQzdfW+r2Wnn7xiSAd7TM3jzkxGXBGTtWKuSXv1xUV+azxAm8jdWZN06QTQk+2N2XB9jRDkvbmQmcRtg=="
    }
  }
}
